// !$*UTF8*$!
{
	archiveVersion = 1;
	classes = {
	};
	objectVersion = 46;
	objects = {

/* Begin PBXBuildFile section */
		8438D2D91CD156D2002DBE3C /* EditProfileViewController.m in Sources */ = {isa = PBXBuildFile; fileRef = 8438D2D81CD156D2002DBE3C /* EditProfileViewController.m */; };
		8438D2DC1CD4C46D002DBE3C /* ActiveRequest.m in Sources */ = {isa = PBXBuildFile; fileRef = 8438D2DB1CD4C46D002DBE3C /* ActiveRequest.m */; };
		8438D2DF1CD563BE002DBE3C /* ProfileImageBox.m in Sources */ = {isa = PBXBuildFile; fileRef = 8438D2DE1CD563BE002DBE3C /* ProfileImageBox.m */; };
		84522C851CC449B400B84D01 /* NewItemViewControllerPhotoInfoDelegate.m in Sources */ = {isa = PBXBuildFile; fileRef = 84522C841CC449B400B84D01 /* NewItemViewControllerPhotoInfoDelegate.m */; };
		84725A7E1CB042A90000866D /* CDIssueHistoryAction+CoreDataProperties.m in Sources */ = {isa = PBXBuildFile; fileRef = 84725A791CB042A90000866D /* CDIssueHistoryAction+CoreDataProperties.m */; };
		84725A7F1CB042A90000866D /* CDIssue+CoreDataProperties.m in Sources */ = {isa = PBXBuildFile; fileRef = 84725A7B1CB042A90000866D /* CDIssue+CoreDataProperties.m */; };
		84725A801CB042A90000866D /* CDUser+CoreDataProperties.m in Sources */ = {isa = PBXBuildFile; fileRef = 84725A7D1CB042A90000866D /* CDUser+CoreDataProperties.m */; };
		84B8F7501CAC1639003A0477 /* MapKit.framework in Frameworks */ = {isa = PBXBuildFile; fileRef = 84B8F74F1CAC1639003A0477 /* MapKit.framework */; };
		84B8F7651CAD6795003A0477 /* CDIssueHistoryAction.m in Sources */ = {isa = PBXBuildFile; fileRef = 84B8F7641CAD6795003A0477 /* CDIssueHistoryAction.m */; };
		84DBF41E1CAB0A5F001D1EAC /* main.m in Sources */ = {isa = PBXBuildFile; fileRef = 84DBF41D1CAB0A5F001D1EAC /* main.m */; };
		84DBF4211CAB0A5F001D1EAC /* AppDelegate.m in Sources */ = {isa = PBXBuildFile; fileRef = 84DBF4201CAB0A5F001D1EAC /* AppDelegate.m */; };
		84DBF4271CAB0A5F001D1EAC /* Main.storyboard in Resources */ = {isa = PBXBuildFile; fileRef = 84DBF4251CAB0A5F001D1EAC /* Main.storyboard */; };
		84DBF4291CAB0A5F001D1EAC /* Assets.xcassets in Resources */ = {isa = PBXBuildFile; fileRef = 84DBF4281CAB0A5F001D1EAC /* Assets.xcassets */; };
		84DBF42C1CAB0A5F001D1EAC /* LaunchScreen.storyboard in Resources */ = {isa = PBXBuildFile; fileRef = 84DBF42A1CAB0A5F001D1EAC /* LaunchScreen.storyboard */; };
		84DBF44B1CAB1674001D1EAC /* DescriptionViewController.m in Sources */ = {isa = PBXBuildFile; fileRef = 84DBF4401CAB1674001D1EAC /* DescriptionViewController.m */; };
		84DBF44C1CAB1674001D1EAC /* IssueHistoryViewController.m in Sources */ = {isa = PBXBuildFile; fileRef = 84DBF4421CAB1674001D1EAC /* IssueHistoryViewController.m */; };
		84DBF44D1CAB1674001D1EAC /* LogInViewController.m in Sources */ = {isa = PBXBuildFile; fileRef = 84DBF4441CAB1674001D1EAC /* LogInViewController.m */; };
		84DBF44E1CAB1674001D1EAC /* MapViewController.m in Sources */ = {isa = PBXBuildFile; fileRef = 84DBF4461CAB1674001D1EAC /* MapViewController.m */; };
		84DBF44F1CAB1674001D1EAC /* ProfileViewController.m in Sources */ = {isa = PBXBuildFile; fileRef = 84DBF4481CAB1674001D1EAC /* ProfileViewController.m */; };
		84DBF4501CAB1674001D1EAC /* SingUpViewController.m in Sources */ = {isa = PBXBuildFile; fileRef = 84DBF44A1CAB1674001D1EAC /* SingUpViewController.m */; };
		84DBF4591CAB16A6001D1EAC /* ChangerBox.m in Sources */ = {isa = PBXBuildFile; fileRef = 84DBF4551CAB16A6001D1EAC /* ChangerBox.m */; };
		84DBF45A1CAB16A6001D1EAC /* CommentBox.m in Sources */ = {isa = PBXBuildFile; fileRef = 84DBF4571CAB16A6001D1EAC /* CommentBox.m */; };
		84DBF4771CAB16D8001D1EAC /* Comment.m in Sources */ = {isa = PBXBuildFile; fileRef = 84DBF45D1CAB16D8001D1EAC /* Comment.m */; };
		84DBF4791CAB16D8001D1EAC /* HTTPConnector.m in Sources */ = {isa = PBXBuildFile; fileRef = 84DBF4621CAB16D8001D1EAC /* HTTPConnector.m */; };
		84DBF47A1CAB16D8001D1EAC /* Issue.m in Sources */ = {isa = PBXBuildFile; fileRef = 84DBF4641CAB16D8001D1EAC /* Issue.m */; };
		84DBF47C1CAB16D8001D1EAC /* IssueCategory.m in Sources */ = {isa = PBXBuildFile; fileRef = 84DBF4681CAB16D8001D1EAC /* IssueCategory.m */; };
		84DBF47D1CAB16D8001D1EAC /* IssueChangeStatus.m in Sources */ = {isa = PBXBuildFile; fileRef = 84DBF46A1CAB16D8001D1EAC /* IssueChangeStatus.m */; };
		84DBF47E1CAB16D8001D1EAC /* IssueHistoryAction.m in Sources */ = {isa = PBXBuildFile; fileRef = 84DBF46C1CAB16D8001D1EAC /* IssueHistoryAction.m */; };
		84DBF47F1CAB16D8001D1EAC /* NetworkDataSorce.m in Sources */ = {isa = PBXBuildFile; fileRef = 84DBF46E1CAB16D8001D1EAC /* NetworkDataSorce.m */; };
		84DBF4801CAB16D8001D1EAC /* Parser.m in Sources */ = {isa = PBXBuildFile; fileRef = 84DBF4701CAB16D8001D1EAC /* Parser.m */; };
		84DBF4821CAB16D8001D1EAC /* TextFieldValidation.m in Sources */ = {isa = PBXBuildFile; fileRef = 84DBF4741CAB16D8001D1EAC /* TextFieldValidation.m */; };
		84DBF4831CAB16D8001D1EAC /* User.m in Sources */ = {isa = PBXBuildFile; fileRef = 84DBF4761CAB16D8001D1EAC /* User.m */; };
		84DBF4911CAB171A001D1EAC /* CDIssue.m in Sources */ = {isa = PBXBuildFile; fileRef = 84DBF4861CAB171A001D1EAC /* CDIssue.m */; };
		84DBF4931CAB171A001D1EAC /* CDUser.m in Sources */ = {isa = PBXBuildFile; fileRef = 84DBF48A1CAB171A001D1EAC /* CDUser.m */; };
		84DBF4951CAB171A001D1EAC /* CoreDataSorce.m in Sources */ = {isa = PBXBuildFile; fileRef = 84DBF48E1CAB171A001D1EAC /* CoreDataSorce.m */; };
		84DBF4961CAB171A001D1EAC /* Model.xcdatamodeld in Sources */ = {isa = PBXBuildFile; fileRef = 84DBF48F1CAB171A001D1EAC /* Model.xcdatamodeld */; };
		84DBF49B1CAB17A5001D1EAC /* CustomTableCell.m in Sources */ = {isa = PBXBuildFile; fileRef = 84DBF4991CAB17A5001D1EAC /* CustomTableCell.m */; };
		84DBF49C1CAB17A5001D1EAC /* CustomTableCell.xib in Resources */ = {isa = PBXBuildFile; fileRef = 84DBF49A1CAB17A5001D1EAC /* CustomTableCell.xib */; };
		84DBF4A21CAB186C001D1EAC /* AvatarView.m in Sources */ = {isa = PBXBuildFile; fileRef = 84DBF49F1CAB186C001D1EAC /* AvatarView.m */; };
		84DBF4A31CAB186C001D1EAC /* UIColor+Bawl.m in Sources */ = {isa = PBXBuildFile; fileRef = 84DBF4A11CAB186C001D1EAC /* UIColor+Bawl.m */; };
		84DBF4AE1CAB18AE001D1EAC /* NSMutableArray+isEmpty.m in Sources */ = {isa = PBXBuildFile; fileRef = 84DBF4A51CAB18AE001D1EAC /* NSMutableArray+isEmpty.m */; };
		84DBF4AF1CAB18AE001D1EAC /* NSString+stringIsEmpry.m in Sources */ = {isa = PBXBuildFile; fileRef = 84DBF4A71CAB18AE001D1EAC /* NSString+stringIsEmpry.m */; };
		84DBF4B01CAB18AE001D1EAC /* UIScrollView+getContentSize.m in Sources */ = {isa = PBXBuildFile; fileRef = 84DBF4A91CAB18AE001D1EAC /* UIScrollView+getContentSize.m */; };
		84DBF4B11CAB18AE001D1EAC /* UIView+Addition.m in Sources */ = {isa = PBXBuildFile; fileRef = 84DBF4AB1CAB18AE001D1EAC /* UIView+Addition.m */; };
		84DBF4B21CAB18AE001D1EAC /* UIViewController+backViewController.m in Sources */ = {isa = PBXBuildFile; fileRef = 84DBF4AD1CAB18AE001D1EAC /* UIViewController+backViewController.m */; };
		84E15C351CBEEF8E0018BD9F /* TakePhotoViewController.m in Sources */ = {isa = PBXBuildFile; fileRef = 84E15C341CBEEF8E0018BD9F /* TakePhotoViewController.m */; };
		84E294181CC94EE30015F2CA /* commentView.xib in Resources */ = {isa = PBXBuildFile; fileRef = 84E294171CC94EE30015F2CA /* commentView.xib */; };
		84E2B43F1CBAA1210027B1A0 /* MyAlert.m in Sources */ = {isa = PBXBuildFile; fileRef = 84E2B43E1CBAA1210027B1A0 /* MyAlert.m */; };
		84E2B4421CBAB23F0027B1A0 /* NewItemViewController.m in Sources */ = {isa = PBXBuildFile; fileRef = 84E2B4411CBAB23F0027B1A0 /* NewItemViewController.m */; };
		84E358D21CAC14D800521AA4 /* CurrentItems.m in Sources */ = {isa = PBXBuildFile; fileRef = 84E358CF1CAC14D800521AA4 /* CurrentItems.m */; };
		84E358D31CAC14D800521AA4 /* IssueCategories.m in Sources */ = {isa = PBXBuildFile; fileRef = 84E358D11CAC14D800521AA4 /* IssueCategories.m */; };
/* End PBXBuildFile section */

/* Begin PBXFileReference section */
		8438D2D71CD156D2002DBE3C /* EditProfileViewController.h */ = {isa = PBXFileReference; fileEncoding = 4; lastKnownFileType = sourcecode.c.h; name = EditProfileViewController.h; path = VC/EditProfileViewController.h; sourceTree = "<group>"; };
		8438D2D81CD156D2002DBE3C /* EditProfileViewController.m */ = {isa = PBXFileReference; fileEncoding = 4; lastKnownFileType = sourcecode.c.objc; name = EditProfileViewController.m; path = VC/EditProfileViewController.m; sourceTree = "<group>"; };
		8438D2DA1CD4C46D002DBE3C /* ActiveRequest.h */ = {isa = PBXFileReference; fileEncoding = 4; lastKnownFileType = sourcecode.c.h; name = ActiveRequest.h; path = singleton/ActiveRequest.h; sourceTree = "<group>"; };
		8438D2DB1CD4C46D002DBE3C /* ActiveRequest.m */ = {isa = PBXFileReference; fileEncoding = 4; lastKnownFileType = sourcecode.c.objc; name = ActiveRequest.m; path = singleton/ActiveRequest.m; sourceTree = "<group>"; };
		8438D2DD1CD563BE002DBE3C /* ProfileImageBox.h */ = {isa = PBXFileReference; fileEncoding = 4; lastKnownFileType = sourcecode.c.h; name = ProfileImageBox.h; path = "UI custom obj/ProfileImageBox.h"; sourceTree = "<group>"; };
		8438D2DE1CD563BE002DBE3C /* ProfileImageBox.m */ = {isa = PBXFileReference; fileEncoding = 4; lastKnownFileType = sourcecode.c.objc; name = ProfileImageBox.m; path = "UI custom obj/ProfileImageBox.m"; sourceTree = "<group>"; };
		84522C831CC449B400B84D01 /* NewItemViewControllerPhotoInfoDelegate.h */ = {isa = PBXFileReference; fileEncoding = 4; lastKnownFileType = sourcecode.c.h; name = NewItemViewControllerPhotoInfoDelegate.h; path = "UI custom obj/NewItemViewControllerPhotoInfoDelegate.h"; sourceTree = "<group>"; };
		84522C841CC449B400B84D01 /* NewItemViewControllerPhotoInfoDelegate.m */ = {isa = PBXFileReference; fileEncoding = 4; lastKnownFileType = sourcecode.c.objc; name = NewItemViewControllerPhotoInfoDelegate.m; path = "UI custom obj/NewItemViewControllerPhotoInfoDelegate.m"; sourceTree = "<group>"; };
		84725A781CB042A90000866D /* CDIssueHistoryAction+CoreDataProperties.h */ = {isa = PBXFileReference; fileEncoding = 4; lastKnownFileType = sourcecode.c.h; name = "CDIssueHistoryAction+CoreDataProperties.h"; path = "model/coreData/CDIssueHistoryAction+CoreDataProperties.h"; sourceTree = "<group>"; };
		84725A791CB042A90000866D /* CDIssueHistoryAction+CoreDataProperties.m */ = {isa = PBXFileReference; fileEncoding = 4; lastKnownFileType = sourcecode.c.objc; name = "CDIssueHistoryAction+CoreDataProperties.m"; path = "model/coreData/CDIssueHistoryAction+CoreDataProperties.m"; sourceTree = "<group>"; };
		84725A7A1CB042A90000866D /* CDIssue+CoreDataProperties.h */ = {isa = PBXFileReference; fileEncoding = 4; lastKnownFileType = sourcecode.c.h; name = "CDIssue+CoreDataProperties.h"; path = "model/coreData/CDIssue+CoreDataProperties.h"; sourceTree = "<group>"; };
		84725A7B1CB042A90000866D /* CDIssue+CoreDataProperties.m */ = {isa = PBXFileReference; fileEncoding = 4; lastKnownFileType = sourcecode.c.objc; name = "CDIssue+CoreDataProperties.m"; path = "model/coreData/CDIssue+CoreDataProperties.m"; sourceTree = "<group>"; };
		84725A7C1CB042A90000866D /* CDUser+CoreDataProperties.h */ = {isa = PBXFileReference; fileEncoding = 4; lastKnownFileType = sourcecode.c.h; name = "CDUser+CoreDataProperties.h"; path = "model/coreData/CDUser+CoreDataProperties.h"; sourceTree = "<group>"; };
		84725A7D1CB042A90000866D /* CDUser+CoreDataProperties.m */ = {isa = PBXFileReference; fileEncoding = 4; lastKnownFileType = sourcecode.c.objc; name = "CDUser+CoreDataProperties.m"; path = "model/coreData/CDUser+CoreDataProperties.m"; sourceTree = "<group>"; };
		84B8F74F1CAC1639003A0477 /* MapKit.framework */ = {isa = PBXFileReference; lastKnownFileType = wrapper.framework; name = MapKit.framework; path = System/Library/Frameworks/MapKit.framework; sourceTree = SDKROOT; };
		84B8F7631CAD6795003A0477 /* CDIssueHistoryAction.h */ = {isa = PBXFileReference; fileEncoding = 4; lastKnownFileType = sourcecode.c.h; name = CDIssueHistoryAction.h; path = model/coreData/CDIssueHistoryAction.h; sourceTree = "<group>"; };
		84B8F7641CAD6795003A0477 /* CDIssueHistoryAction.m */ = {isa = PBXFileReference; fileEncoding = 4; lastKnownFileType = sourcecode.c.objc; name = CDIssueHistoryAction.m; path = model/coreData/CDIssueHistoryAction.m; sourceTree = "<group>"; };
		84DBF4191CAB0A5F001D1EAC /* bawl2.app */ = {isa = PBXFileReference; explicitFileType = wrapper.application; includeInIndex = 0; path = bawl2.app; sourceTree = BUILT_PRODUCTS_DIR; };
		84DBF41D1CAB0A5F001D1EAC /* main.m */ = {isa = PBXFileReference; lastKnownFileType = sourcecode.c.objc; path = main.m; sourceTree = "<group>"; };
		84DBF41F1CAB0A5F001D1EAC /* AppDelegate.h */ = {isa = PBXFileReference; lastKnownFileType = sourcecode.c.h; path = AppDelegate.h; sourceTree = "<group>"; };
		84DBF4201CAB0A5F001D1EAC /* AppDelegate.m */ = {isa = PBXFileReference; lastKnownFileType = sourcecode.c.objc; path = AppDelegate.m; sourceTree = "<group>"; };
		84DBF4261CAB0A5F001D1EAC /* Base */ = {isa = PBXFileReference; lastKnownFileType = file.storyboard; name = Base; path = Base.lproj/Main.storyboard; sourceTree = "<group>"; };
		84DBF4281CAB0A5F001D1EAC /* Assets.xcassets */ = {isa = PBXFileReference; lastKnownFileType = folder.assetcatalog; path = Assets.xcassets; sourceTree = "<group>"; };
		84DBF42B1CAB0A5F001D1EAC /* Base */ = {isa = PBXFileReference; lastKnownFileType = file.storyboard; name = Base; path = Base.lproj/LaunchScreen.storyboard; sourceTree = "<group>"; };
		84DBF42D1CAB0A5F001D1EAC /* Info.plist */ = {isa = PBXFileReference; lastKnownFileType = text.plist.xml; path = Info.plist; sourceTree = "<group>"; };
		84DBF43F1CAB1674001D1EAC /* DescriptionViewController.h */ = {isa = PBXFileReference; fileEncoding = 4; lastKnownFileType = sourcecode.c.h; name = DescriptionViewController.h; path = VC/DescriptionViewController.h; sourceTree = "<group>"; };
		84DBF4401CAB1674001D1EAC /* DescriptionViewController.m */ = {isa = PBXFileReference; fileEncoding = 4; lastKnownFileType = sourcecode.c.objc; name = DescriptionViewController.m; path = VC/DescriptionViewController.m; sourceTree = "<group>"; };
		84DBF4411CAB1674001D1EAC /* IssueHistoryViewController.h */ = {isa = PBXFileReference; fileEncoding = 4; lastKnownFileType = sourcecode.c.h; name = IssueHistoryViewController.h; path = VC/IssueHistoryViewController.h; sourceTree = "<group>"; };
		84DBF4421CAB1674001D1EAC /* IssueHistoryViewController.m */ = {isa = PBXFileReference; fileEncoding = 4; lastKnownFileType = sourcecode.c.objc; name = IssueHistoryViewController.m; path = VC/IssueHistoryViewController.m; sourceTree = "<group>"; };
		84DBF4431CAB1674001D1EAC /* LogInViewController.h */ = {isa = PBXFileReference; fileEncoding = 4; lastKnownFileType = sourcecode.c.h; name = LogInViewController.h; path = VC/LogInViewController.h; sourceTree = "<group>"; };
		84DBF4441CAB1674001D1EAC /* LogInViewController.m */ = {isa = PBXFileReference; fileEncoding = 4; lastKnownFileType = sourcecode.c.objc; name = LogInViewController.m; path = VC/LogInViewController.m; sourceTree = "<group>"; };
		84DBF4451CAB1674001D1EAC /* MapViewController.h */ = {isa = PBXFileReference; fileEncoding = 4; lastKnownFileType = sourcecode.c.h; name = MapViewController.h; path = VC/MapViewController.h; sourceTree = "<group>"; };
		84DBF4461CAB1674001D1EAC /* MapViewController.m */ = {isa = PBXFileReference; fileEncoding = 4; lastKnownFileType = sourcecode.c.objc; name = MapViewController.m; path = VC/MapViewController.m; sourceTree = "<group>"; };
		84DBF4471CAB1674001D1EAC /* ProfileViewController.h */ = {isa = PBXFileReference; fileEncoding = 4; lastKnownFileType = sourcecode.c.h; name = ProfileViewController.h; path = VC/ProfileViewController.h; sourceTree = "<group>"; };
		84DBF4481CAB1674001D1EAC /* ProfileViewController.m */ = {isa = PBXFileReference; fileEncoding = 4; lastKnownFileType = sourcecode.c.objc; name = ProfileViewController.m; path = VC/ProfileViewController.m; sourceTree = "<group>"; };
		84DBF4491CAB1674001D1EAC /* SingUpViewController.h */ = {isa = PBXFileReference; fileEncoding = 4; lastKnownFileType = sourcecode.c.h; name = SingUpViewController.h; path = VC/SingUpViewController.h; sourceTree = "<group>"; };
		84DBF44A1CAB1674001D1EAC /* SingUpViewController.m */ = {isa = PBXFileReference; fileEncoding = 4; lastKnownFileType = sourcecode.c.objc; name = SingUpViewController.m; path = VC/SingUpViewController.m; sourceTree = "<group>"; };
		84DBF4541CAB16A6001D1EAC /* ChangerBox.h */ = {isa = PBXFileReference; fileEncoding = 4; lastKnownFileType = sourcecode.c.h; name = ChangerBox.h; path = "UI custom obj/ChangerBox.h"; sourceTree = "<group>"; };
		84DBF4551CAB16A6001D1EAC /* ChangerBox.m */ = {isa = PBXFileReference; fileEncoding = 4; lastKnownFileType = sourcecode.c.objc; name = ChangerBox.m; path = "UI custom obj/ChangerBox.m"; sourceTree = "<group>"; };
		84DBF4561CAB16A6001D1EAC /* CommentBox.h */ = {isa = PBXFileReference; fileEncoding = 4; lastKnownFileType = sourcecode.c.h; name = CommentBox.h; path = "UI custom obj/CommentBox.h"; sourceTree = "<group>"; };
		84DBF4571CAB16A6001D1EAC /* CommentBox.m */ = {isa = PBXFileReference; fileEncoding = 4; lastKnownFileType = sourcecode.c.objc; name = CommentBox.m; path = "UI custom obj/CommentBox.m"; sourceTree = "<group>"; };
		84DBF45C1CAB16D8001D1EAC /* Comment.h */ = {isa = PBXFileReference; fileEncoding = 4; lastKnownFileType = sourcecode.c.h; name = Comment.h; path = model/Comment.h; sourceTree = "<group>"; };
		84DBF45D1CAB16D8001D1EAC /* Comment.m */ = {isa = PBXFileReference; fileEncoding = 4; lastKnownFileType = sourcecode.c.objc; name = Comment.m; path = model/Comment.m; sourceTree = "<group>"; };
		84DBF4601CAB16D8001D1EAC /* DataSorceProtocol.h */ = {isa = PBXFileReference; fileEncoding = 4; lastKnownFileType = sourcecode.c.h; name = DataSorceProtocol.h; path = model/DataSorceProtocol.h; sourceTree = "<group>"; };
		84DBF4611CAB16D8001D1EAC /* HTTPConnector.h */ = {isa = PBXFileReference; fileEncoding = 4; lastKnownFileType = sourcecode.c.h; name = HTTPConnector.h; path = model/HTTPConnector.h; sourceTree = "<group>"; };
		84DBF4621CAB16D8001D1EAC /* HTTPConnector.m */ = {isa = PBXFileReference; fileEncoding = 4; lastKnownFileType = sourcecode.c.objc; name = HTTPConnector.m; path = model/HTTPConnector.m; sourceTree = "<group>"; };
		84DBF4631CAB16D8001D1EAC /* Issue.h */ = {isa = PBXFileReference; fileEncoding = 4; lastKnownFileType = sourcecode.c.h; name = Issue.h; path = model/Issue.h; sourceTree = "<group>"; };
		84DBF4641CAB16D8001D1EAC /* Issue.m */ = {isa = PBXFileReference; fileEncoding = 4; lastKnownFileType = sourcecode.c.objc; name = Issue.m; path = model/Issue.m; sourceTree = "<group>"; };
		84DBF4671CAB16D8001D1EAC /* IssueCategory.h */ = {isa = PBXFileReference; fileEncoding = 4; lastKnownFileType = sourcecode.c.h; name = IssueCategory.h; path = model/IssueCategory.h; sourceTree = "<group>"; };
		84DBF4681CAB16D8001D1EAC /* IssueCategory.m */ = {isa = PBXFileReference; fileEncoding = 4; lastKnownFileType = sourcecode.c.objc; name = IssueCategory.m; path = model/IssueCategory.m; sourceTree = "<group>"; };
		84DBF4691CAB16D8001D1EAC /* IssueChangeStatus.h */ = {isa = PBXFileReference; fileEncoding = 4; lastKnownFileType = sourcecode.c.h; name = IssueChangeStatus.h; path = model/IssueChangeStatus.h; sourceTree = "<group>"; };
		84DBF46A1CAB16D8001D1EAC /* IssueChangeStatus.m */ = {isa = PBXFileReference; fileEncoding = 4; lastKnownFileType = sourcecode.c.objc; name = IssueChangeStatus.m; path = model/IssueChangeStatus.m; sourceTree = "<group>"; };
		84DBF46B1CAB16D8001D1EAC /* IssueHistoryAction.h */ = {isa = PBXFileReference; fileEncoding = 4; lastKnownFileType = sourcecode.c.h; name = IssueHistoryAction.h; path = model/IssueHistoryAction.h; sourceTree = "<group>"; };
		84DBF46C1CAB16D8001D1EAC /* IssueHistoryAction.m */ = {isa = PBXFileReference; fileEncoding = 4; lastKnownFileType = sourcecode.c.objc; name = IssueHistoryAction.m; path = model/IssueHistoryAction.m; sourceTree = "<group>"; };
		84DBF46D1CAB16D8001D1EAC /* NetworkDataSorce.h */ = {isa = PBXFileReference; fileEncoding = 4; lastKnownFileType = sourcecode.c.h; name = NetworkDataSorce.h; path = model/NetworkDataSorce.h; sourceTree = "<group>"; };
		84DBF46E1CAB16D8001D1EAC /* NetworkDataSorce.m */ = {isa = PBXFileReference; fileEncoding = 4; lastKnownFileType = sourcecode.c.objc; name = NetworkDataSorce.m; path = model/NetworkDataSorce.m; sourceTree = "<group>"; };
		84DBF46F1CAB16D8001D1EAC /* Parser.h */ = {isa = PBXFileReference; fileEncoding = 4; lastKnownFileType = sourcecode.c.h; name = Parser.h; path = model/Parser.h; sourceTree = "<group>"; };
		84DBF4701CAB16D8001D1EAC /* Parser.m */ = {isa = PBXFileReference; fileEncoding = 4; lastKnownFileType = sourcecode.c.objc; name = Parser.m; path = model/Parser.m; sourceTree = "<group>"; };
		84DBF4731CAB16D8001D1EAC /* TextFieldValidation.h */ = {isa = PBXFileReference; fileEncoding = 4; lastKnownFileType = sourcecode.c.h; name = TextFieldValidation.h; path = model/TextFieldValidation.h; sourceTree = "<group>"; };
		84DBF4741CAB16D8001D1EAC /* TextFieldValidation.m */ = {isa = PBXFileReference; fileEncoding = 4; lastKnownFileType = sourcecode.c.objc; name = TextFieldValidation.m; path = model/TextFieldValidation.m; sourceTree = "<group>"; };
		84DBF4751CAB16D8001D1EAC /* User.h */ = {isa = PBXFileReference; fileEncoding = 4; lastKnownFileType = sourcecode.c.h; name = User.h; path = model/User.h; sourceTree = "<group>"; };
		84DBF4761CAB16D8001D1EAC /* User.m */ = {isa = PBXFileReference; fileEncoding = 4; lastKnownFileType = sourcecode.c.objc; name = User.m; path = model/User.m; sourceTree = "<group>"; };
		84DBF4851CAB171A001D1EAC /* CDIssue.h */ = {isa = PBXFileReference; fileEncoding = 4; lastKnownFileType = sourcecode.c.h; name = CDIssue.h; path = model/coreData/CDIssue.h; sourceTree = "<group>"; };
		84DBF4861CAB171A001D1EAC /* CDIssue.m */ = {isa = PBXFileReference; fileEncoding = 4; lastKnownFileType = sourcecode.c.objc; name = CDIssue.m; path = model/coreData/CDIssue.m; sourceTree = "<group>"; };
		84DBF4891CAB171A001D1EAC /* CDUser.h */ = {isa = PBXFileReference; fileEncoding = 4; lastKnownFileType = sourcecode.c.h; name = CDUser.h; path = model/coreData/CDUser.h; sourceTree = "<group>"; };
		84DBF48A1CAB171A001D1EAC /* CDUser.m */ = {isa = PBXFileReference; fileEncoding = 4; lastKnownFileType = sourcecode.c.objc; name = CDUser.m; path = model/coreData/CDUser.m; sourceTree = "<group>"; };
		84DBF48D1CAB171A001D1EAC /* CoreDataSorce.h */ = {isa = PBXFileReference; fileEncoding = 4; lastKnownFileType = sourcecode.c.h; name = CoreDataSorce.h; path = model/coreData/CoreDataSorce.h; sourceTree = "<group>"; };
		84DBF48E1CAB171A001D1EAC /* CoreDataSorce.m */ = {isa = PBXFileReference; fileEncoding = 4; lastKnownFileType = sourcecode.c.objc; name = CoreDataSorce.m; path = model/coreData/CoreDataSorce.m; sourceTree = "<group>"; };
		84DBF4901CAB171A001D1EAC /* Model.xcdatamodel */ = {isa = PBXFileReference; lastKnownFileType = wrapper.xcdatamodel; path = Model.xcdatamodel; sourceTree = "<group>"; };
		84DBF4981CAB17A5001D1EAC /* CustomTableCell.h */ = {isa = PBXFileReference; fileEncoding = 4; lastKnownFileType = sourcecode.c.h; name = CustomTableCell.h; path = "UI custom obj/CustomTableCell/CustomTableCell.h"; sourceTree = "<group>"; };
		84DBF4991CAB17A5001D1EAC /* CustomTableCell.m */ = {isa = PBXFileReference; fileEncoding = 4; lastKnownFileType = sourcecode.c.objc; name = CustomTableCell.m; path = "UI custom obj/CustomTableCell/CustomTableCell.m"; sourceTree = "<group>"; };
		84DBF49A1CAB17A5001D1EAC /* CustomTableCell.xib */ = {isa = PBXFileReference; fileEncoding = 4; lastKnownFileType = file.xib; name = CustomTableCell.xib; path = "UI custom obj/CustomTableCell/CustomTableCell.xib"; sourceTree = "<group>"; };
		84DBF49E1CAB186C001D1EAC /* AvatarView.h */ = {isa = PBXFileReference; fileEncoding = 4; lastKnownFileType = sourcecode.c.h; name = AvatarView.h; path = category/AvatarView.h; sourceTree = "<group>"; };
		84DBF49F1CAB186C001D1EAC /* AvatarView.m */ = {isa = PBXFileReference; fileEncoding = 4; lastKnownFileType = sourcecode.c.objc; name = AvatarView.m; path = category/AvatarView.m; sourceTree = "<group>"; };
		84DBF4A01CAB186C001D1EAC /* UIColor+Bawl.h */ = {isa = PBXFileReference; fileEncoding = 4; lastKnownFileType = sourcecode.c.h; name = "UIColor+Bawl.h"; path = "category/UIColor+Bawl.h"; sourceTree = "<group>"; };
		84DBF4A11CAB186C001D1EAC /* UIColor+Bawl.m */ = {isa = PBXFileReference; fileEncoding = 4; lastKnownFileType = sourcecode.c.objc; name = "UIColor+Bawl.m"; path = "category/UIColor+Bawl.m"; sourceTree = "<group>"; };
		84DBF4A41CAB18AE001D1EAC /* NSMutableArray+isEmpty.h */ = {isa = PBXFileReference; fileEncoding = 4; lastKnownFileType = sourcecode.c.h; name = "NSMutableArray+isEmpty.h"; path = "category/NSMutableArray+isEmpty.h"; sourceTree = "<group>"; };
		84DBF4A51CAB18AE001D1EAC /* NSMutableArray+isEmpty.m */ = {isa = PBXFileReference; fileEncoding = 4; lastKnownFileType = sourcecode.c.objc; name = "NSMutableArray+isEmpty.m"; path = "category/NSMutableArray+isEmpty.m"; sourceTree = "<group>"; };
		84DBF4A61CAB18AE001D1EAC /* NSString+stringIsEmpry.h */ = {isa = PBXFileReference; fileEncoding = 4; lastKnownFileType = sourcecode.c.h; name = "NSString+stringIsEmpry.h"; path = "category/NSString+stringIsEmpry.h"; sourceTree = "<group>"; };
		84DBF4A71CAB18AE001D1EAC /* NSString+stringIsEmpry.m */ = {isa = PBXFileReference; fileEncoding = 4; lastKnownFileType = sourcecode.c.objc; name = "NSString+stringIsEmpry.m"; path = "category/NSString+stringIsEmpry.m"; sourceTree = "<group>"; };
		84DBF4A81CAB18AE001D1EAC /* UIScrollView+getContentSize.h */ = {isa = PBXFileReference; fileEncoding = 4; lastKnownFileType = sourcecode.c.h; name = "UIScrollView+getContentSize.h"; path = "category/UIScrollView+getContentSize.h"; sourceTree = "<group>"; };
		84DBF4A91CAB18AE001D1EAC /* UIScrollView+getContentSize.m */ = {isa = PBXFileReference; fileEncoding = 4; lastKnownFileType = sourcecode.c.objc; name = "UIScrollView+getContentSize.m"; path = "category/UIScrollView+getContentSize.m"; sourceTree = "<group>"; };
		84DBF4AA1CAB18AE001D1EAC /* UIView+Addition.h */ = {isa = PBXFileReference; fileEncoding = 4; lastKnownFileType = sourcecode.c.h; name = "UIView+Addition.h"; path = "category/UIView+Addition.h"; sourceTree = "<group>"; };
		84DBF4AB1CAB18AE001D1EAC /* UIView+Addition.m */ = {isa = PBXFileReference; fileEncoding = 4; lastKnownFileType = sourcecode.c.objc; name = "UIView+Addition.m"; path = "category/UIView+Addition.m"; sourceTree = "<group>"; };
		84DBF4AC1CAB18AE001D1EAC /* UIViewController+backViewController.h */ = {isa = PBXFileReference; fileEncoding = 4; lastKnownFileType = sourcecode.c.h; name = "UIViewController+backViewController.h"; path = "category/UIViewController+backViewController.h"; sourceTree = "<group>"; };
		84DBF4AD1CAB18AE001D1EAC /* UIViewController+backViewController.m */ = {isa = PBXFileReference; fileEncoding = 4; lastKnownFileType = sourcecode.c.objc; name = "UIViewController+backViewController.m"; path = "category/UIViewController+backViewController.m"; sourceTree = "<group>"; };
		84DBF4B31CAB1934001D1EAC /* Constants.h */ = {isa = PBXFileReference; lastKnownFileType = sourcecode.c.h; name = Constants.h; path = model/Constants.h; sourceTree = "<group>"; };
		84E15C331CBEEF8E0018BD9F /* TakePhotoViewController.h */ = {isa = PBXFileReference; fileEncoding = 4; lastKnownFileType = sourcecode.c.h; name = TakePhotoViewController.h; path = VC/TakePhotoViewController.h; sourceTree = "<group>"; };
		84E15C341CBEEF8E0018BD9F /* TakePhotoViewController.m */ = {isa = PBXFileReference; fileEncoding = 4; lastKnownFileType = sourcecode.c.objc; name = TakePhotoViewController.m; path = VC/TakePhotoViewController.m; sourceTree = "<group>"; };
		84E294171CC94EE30015F2CA /* commentView.xib */ = {isa = PBXFileReference; fileEncoding = 4; lastKnownFileType = file.xib; name = commentView.xib; path = "UI custom obj/comment/commentView.xib"; sourceTree = "<group>"; };
		84E2B43D1CBAA1210027B1A0 /* MyAlert.h */ = {isa = PBXFileReference; fileEncoding = 4; lastKnownFileType = sourcecode.c.h; name = MyAlert.h; path = model/MyAlert.h; sourceTree = "<group>"; };
		84E2B43E1CBAA1210027B1A0 /* MyAlert.m */ = {isa = PBXFileReference; fileEncoding = 4; lastKnownFileType = sourcecode.c.objc; name = MyAlert.m; path = model/MyAlert.m; sourceTree = "<group>"; };
		84E2B4401CBAB23F0027B1A0 /* NewItemViewController.h */ = {isa = PBXFileReference; fileEncoding = 4; lastKnownFileType = sourcecode.c.h; name = NewItemViewController.h; path = VC/NewItemViewController.h; sourceTree = "<group>"; };
		84E2B4411CBAB23F0027B1A0 /* NewItemViewController.m */ = {isa = PBXFileReference; fileEncoding = 4; lastKnownFileType = sourcecode.c.objc; name = NewItemViewController.m; path = VC/NewItemViewController.m; sourceTree = "<group>"; };
		84E358CE1CAC14D800521AA4 /* CurrentItems.h */ = {isa = PBXFileReference; fileEncoding = 4; lastKnownFileType = sourcecode.c.h; name = CurrentItems.h; path = singleton/CurrentItems.h; sourceTree = "<group>"; };
		84E358CF1CAC14D800521AA4 /* CurrentItems.m */ = {isa = PBXFileReference; fileEncoding = 4; lastKnownFileType = sourcecode.c.objc; name = CurrentItems.m; path = singleton/CurrentItems.m; sourceTree = "<group>"; };
		84E358D01CAC14D800521AA4 /* IssueCategories.h */ = {isa = PBXFileReference; fileEncoding = 4; lastKnownFileType = sourcecode.c.h; name = IssueCategories.h; path = singleton/IssueCategories.h; sourceTree = "<group>"; };
		84E358D11CAC14D800521AA4 /* IssueCategories.m */ = {isa = PBXFileReference; fileEncoding = 4; lastKnownFileType = sourcecode.c.objc; name = IssueCategories.m; path = singleton/IssueCategories.m; sourceTree = "<group>"; };
/* End PBXFileReference section */

/* Begin PBXFrameworksBuildPhase section */
		84DBF4161CAB0A5F001D1EAC /* Frameworks */ = {
			isa = PBXFrameworksBuildPhase;
			buildActionMask = 2147483647;
			files = (
				84B8F7501CAC1639003A0477 /* MapKit.framework in Frameworks */,
			);
			runOnlyForDeploymentPostprocessing = 0;
		};
/* End PBXFrameworksBuildPhase section */

/* Begin PBXGroup section */
		84DBF4101CAB0A5F001D1EAC = {
			isa = PBXGroup;
			children = (
				84B8F74F1CAC1639003A0477 /* MapKit.framework */,
				84DBF41B1CAB0A5F001D1EAC /* bawl2 */,
				84DBF41A1CAB0A5F001D1EAC /* Products */,
			);
			sourceTree = "<group>";
		};
		84DBF41A1CAB0A5F001D1EAC /* Products */ = {
			isa = PBXGroup;
			children = (
				84DBF4191CAB0A5F001D1EAC /* bawl2.app */,
			);
			name = Products;
			sourceTree = "<group>";
		};
		84DBF41B1CAB0A5F001D1EAC /* bawl2 */ = {
			isa = PBXGroup;
			children = (
				84E358CD1CAC148600521AA4 /* singleton */,
				84DBF4B31CAB1934001D1EAC /* Constants.h */,
				84DBF49D1CAB17BD001D1EAC /* categories */,
				84DBF4841CAB16FF001D1EAC /* core data */,
				84DBF45B1CAB16C1001D1EAC /* model */,
				84DBF4511CAB1694001D1EAC /* UI Custom object */,
				84DBF43E1CAB1658001D1EAC /* VC */,
				84DBF4251CAB0A5F001D1EAC /* Main.storyboard */,
				84DBF4281CAB0A5F001D1EAC /* Assets.xcassets */,
				84DBF42A1CAB0A5F001D1EAC /* LaunchScreen.storyboard */,
				84DBF42D1CAB0A5F001D1EAC /* Info.plist */,
				84DBF41C1CAB0A5F001D1EAC /* Supporting Files */,
			);
			path = bawl2;
			sourceTree = "<group>";
		};
		84DBF41C1CAB0A5F001D1EAC /* Supporting Files */ = {
			isa = PBXGroup;
			children = (
				84DBF41D1CAB0A5F001D1EAC /* main.m */,
				84DBF41F1CAB0A5F001D1EAC /* AppDelegate.h */,
				84DBF4201CAB0A5F001D1EAC /* AppDelegate.m */,
			);
			name = "Supporting Files";
			sourceTree = "<group>";
		};
		84DBF43E1CAB1658001D1EAC /* VC */ = {
			isa = PBXGroup;
			children = (
				84E2B4401CBAB23F0027B1A0 /* NewItemViewController.h */,
				84E2B4411CBAB23F0027B1A0 /* NewItemViewController.m */,
				84DBF43F1CAB1674001D1EAC /* DescriptionViewController.h */,
				84DBF4401CAB1674001D1EAC /* DescriptionViewController.m */,
				84DBF4411CAB1674001D1EAC /* IssueHistoryViewController.h */,
				84DBF4421CAB1674001D1EAC /* IssueHistoryViewController.m */,
				84DBF4431CAB1674001D1EAC /* LogInViewController.h */,
				84DBF4441CAB1674001D1EAC /* LogInViewController.m */,
				84DBF4451CAB1674001D1EAC /* MapViewController.h */,
				84DBF4461CAB1674001D1EAC /* MapViewController.m */,
				84DBF4471CAB1674001D1EAC /* ProfileViewController.h */,
				84DBF4481CAB1674001D1EAC /* ProfileViewController.m */,
				8438D2D71CD156D2002DBE3C /* EditProfileViewController.h */,
				8438D2D81CD156D2002DBE3C /* EditProfileViewController.m */,
				84DBF4491CAB1674001D1EAC /* SingUpViewController.h */,
				84DBF44A1CAB1674001D1EAC /* SingUpViewController.m */,
				84E15C331CBEEF8E0018BD9F /* TakePhotoViewController.h */,
				84E15C341CBEEF8E0018BD9F /* TakePhotoViewController.m */,
			);
			name = VC;
			sourceTree = "<group>";
		};
		84DBF4511CAB1694001D1EAC /* UI Custom object */ = {
			isa = PBXGroup;
			children = (
				84E294161CC94E9D0015F2CA /* comment */,
				84DBF4971CAB1796001D1EAC /* CustomTableCell */,
				84DBF4541CAB16A6001D1EAC /* ChangerBox.h */,
				84DBF4551CAB16A6001D1EAC /* ChangerBox.m */,
				84522C831CC449B400B84D01 /* NewItemViewControllerPhotoInfoDelegate.h */,
				84522C841CC449B400B84D01 /* NewItemViewControllerPhotoInfoDelegate.m */,
				8438D2DD1CD563BE002DBE3C /* ProfileImageBox.h */,
				8438D2DE1CD563BE002DBE3C /* ProfileImageBox.m */,
			);
			name = "UI Custom object";
			sourceTree = "<group>";
		};
		84DBF45B1CAB16C1001D1EAC /* model */ = {
			isa = PBXGroup;
			children = (
				84DBF45C1CAB16D8001D1EAC /* Comment.h */,
				84DBF45D1CAB16D8001D1EAC /* Comment.m */,
				84DBF4601CAB16D8001D1EAC /* DataSorceProtocol.h */,
				84DBF4611CAB16D8001D1EAC /* HTTPConnector.h */,
				84DBF4621CAB16D8001D1EAC /* HTTPConnector.m */,
				84DBF4631CAB16D8001D1EAC /* Issue.h */,
				84DBF4641CAB16D8001D1EAC /* Issue.m */,
				84DBF4671CAB16D8001D1EAC /* IssueCategory.h */,
				84DBF4681CAB16D8001D1EAC /* IssueCategory.m */,
				84DBF4691CAB16D8001D1EAC /* IssueChangeStatus.h */,
				84DBF46A1CAB16D8001D1EAC /* IssueChangeStatus.m */,
				84DBF46B1CAB16D8001D1EAC /* IssueHistoryAction.h */,
				84DBF46C1CAB16D8001D1EAC /* IssueHistoryAction.m */,
				84DBF46D1CAB16D8001D1EAC /* NetworkDataSorce.h */,
				84DBF46E1CAB16D8001D1EAC /* NetworkDataSorce.m */,
				84DBF46F1CAB16D8001D1EAC /* Parser.h */,
				84DBF4701CAB16D8001D1EAC /* Parser.m */,
				84DBF4731CAB16D8001D1EAC /* TextFieldValidation.h */,
				84DBF4741CAB16D8001D1EAC /* TextFieldValidation.m */,
				84DBF4751CAB16D8001D1EAC /* User.h */,
				84DBF4761CAB16D8001D1EAC /* User.m */,
				84E2B43D1CBAA1210027B1A0 /* MyAlert.h */,
				84E2B43E1CBAA1210027B1A0 /* MyAlert.m */,
			);
			name = model;
			sourceTree = "<group>";
		};
		84DBF4841CAB16FF001D1EAC /* core data */ = {
			isa = PBXGroup;
			children = (
				84B8F7631CAD6795003A0477 /* CDIssueHistoryAction.h */,
				84B8F7641CAD6795003A0477 /* CDIssueHistoryAction.m */,
				84DBF4851CAB171A001D1EAC /* CDIssue.h */,
				84DBF4861CAB171A001D1EAC /* CDIssue.m */,
				84DBF4891CAB171A001D1EAC /* CDUser.h */,
				84DBF48A1CAB171A001D1EAC /* CDUser.m */,
				84DBF48D1CAB171A001D1EAC /* CoreDataSorce.h */,
				84DBF48E1CAB171A001D1EAC /* CoreDataSorce.m */,
				84725A781CB042A90000866D /* CDIssueHistoryAction+CoreDataProperties.h */,
				84725A791CB042A90000866D /* CDIssueHistoryAction+CoreDataProperties.m */,
				84725A7A1CB042A90000866D /* CDIssue+CoreDataProperties.h */,
				84725A7B1CB042A90000866D /* CDIssue+CoreDataProperties.m */,
				84725A7C1CB042A90000866D /* CDUser+CoreDataProperties.h */,
				84725A7D1CB042A90000866D /* CDUser+CoreDataProperties.m */,
				84DBF48F1CAB171A001D1EAC /* Model.xcdatamodeld */,
			);
			name = "core data";
			sourceTree = "<group>";
		};
		84DBF4971CAB1796001D1EAC /* CustomTableCell */ = {
			isa = PBXGroup;
			children = (
				84DBF4981CAB17A5001D1EAC /* CustomTableCell.h */,
				84DBF4991CAB17A5001D1EAC /* CustomTableCell.m */,
				84DBF49A1CAB17A5001D1EAC /* CustomTableCell.xib */,
			);
			name = CustomTableCell;
			sourceTree = "<group>";
		};
		84DBF49D1CAB17BD001D1EAC /* categories */ = {
			isa = PBXGroup;
			children = (
				84DBF4A41CAB18AE001D1EAC /* NSMutableArray+isEmpty.h */,
				84DBF4A51CAB18AE001D1EAC /* NSMutableArray+isEmpty.m */,
				84DBF4A61CAB18AE001D1EAC /* NSString+stringIsEmpry.h */,
				84DBF4A71CAB18AE001D1EAC /* NSString+stringIsEmpry.m */,
				84DBF4A81CAB18AE001D1EAC /* UIScrollView+getContentSize.h */,
				84DBF4A91CAB18AE001D1EAC /* UIScrollView+getContentSize.m */,
				84DBF4AA1CAB18AE001D1EAC /* UIView+Addition.h */,
				84DBF4AB1CAB18AE001D1EAC /* UIView+Addition.m */,
				84DBF4AC1CAB18AE001D1EAC /* UIViewController+backViewController.h */,
				84DBF4AD1CAB18AE001D1EAC /* UIViewController+backViewController.m */,
				84DBF49E1CAB186C001D1EAC /* AvatarView.h */,
				84DBF49F1CAB186C001D1EAC /* AvatarView.m */,
				84DBF4A01CAB186C001D1EAC /* UIColor+Bawl.h */,
				84DBF4A11CAB186C001D1EAC /* UIColor+Bawl.m */,
			);
			name = categories;
			sourceTree = "<group>";
		};
		84E294161CC94E9D0015F2CA /* comment */ = {
			isa = PBXGroup;
			children = (
				84E294171CC94EE30015F2CA /* commentView.xib */,
				84DBF4561CAB16A6001D1EAC /* CommentBox.h */,
				84DBF4571CAB16A6001D1EAC /* CommentBox.m */,
			);
			name = comment;
			sourceTree = "<group>";
		};
		84E358CD1CAC148600521AA4 /* singleton */ = {
			isa = PBXGroup;
			children = (
				84E358CE1CAC14D800521AA4 /* CurrentItems.h */,
				84E358CF1CAC14D800521AA4 /* CurrentItems.m */,
				84E358D01CAC14D800521AA4 /* IssueCategories.h */,
				84E358D11CAC14D800521AA4 /* IssueCategories.m */,
				8438D2DA1CD4C46D002DBE3C /* ActiveRequest.h */,
				8438D2DB1CD4C46D002DBE3C /* ActiveRequest.m */,
			);
			name = singleton;
			sourceTree = "<group>";
		};
/* End PBXGroup section */

/* Begin PBXNativeTarget section */
		84DBF4181CAB0A5F001D1EAC /* bawl2 */ = {
			isa = PBXNativeTarget;
			buildConfigurationList = 84DBF4301CAB0A5F001D1EAC /* Build configuration list for PBXNativeTarget "bawl2" */;
			buildPhases = (
				84DBF4151CAB0A5F001D1EAC /* Sources */,
				84DBF4161CAB0A5F001D1EAC /* Frameworks */,
				84DBF4171CAB0A5F001D1EAC /* Resources */,
			);
			buildRules = (
			);
			dependencies = (
			);
			name = bawl2;
			productName = bawl2;
			productReference = 84DBF4191CAB0A5F001D1EAC /* bawl2.app */;
			productType = "com.apple.product-type.application";
		};
/* End PBXNativeTarget section */

/* Begin PBXProject section */
		84DBF4111CAB0A5F001D1EAC /* Project object */ = {
			isa = PBXProject;
			attributes = {
				LastUpgradeCheck = 0720;
				ORGANIZATIONNAME = Admin;
				TargetAttributes = {
					84DBF4181CAB0A5F001D1EAC = {
						CreatedOnToolsVersion = 7.2;
					};
				};
			};
			buildConfigurationList = 84DBF4141CAB0A5F001D1EAC /* Build configuration list for PBXProject "bawl2" */;
			compatibilityVersion = "Xcode 3.2";
			developmentRegion = English;
			hasScannedForEncodings = 0;
			knownRegions = (
				en,
				Base,
			);
			mainGroup = 84DBF4101CAB0A5F001D1EAC;
			productRefGroup = 84DBF41A1CAB0A5F001D1EAC /* Products */;
			projectDirPath = "";
			projectRoot = "";
			targets = (
				84DBF4181CAB0A5F001D1EAC /* bawl2 */,
			);
		};
/* End PBXProject section */

/* Begin PBXResourcesBuildPhase section */
		84DBF4171CAB0A5F001D1EAC /* Resources */ = {
			isa = PBXResourcesBuildPhase;
			buildActionMask = 2147483647;
			files = (
				84DBF42C1CAB0A5F001D1EAC /* LaunchScreen.storyboard in Resources */,
				84DBF4291CAB0A5F001D1EAC /* Assets.xcassets in Resources */,
				84DBF4271CAB0A5F001D1EAC /* Main.storyboard in Resources */,
				84DBF49C1CAB17A5001D1EAC /* CustomTableCell.xib in Resources */,
				84E294181CC94EE30015F2CA /* commentView.xib in Resources */,
			);
			runOnlyForDeploymentPostprocessing = 0;
		};
/* End PBXResourcesBuildPhase section */

/* Begin PBXSourcesBuildPhase section */
		84DBF4151CAB0A5F001D1EAC /* Sources */ = {
			isa = PBXSourcesBuildPhase;
			buildActionMask = 2147483647;
			files = (
				84725A7F1CB042A90000866D /* CDIssue+CoreDataProperties.m in Sources */,
				84DBF4A31CAB186C001D1EAC /* UIColor+Bawl.m in Sources */,
				84E2B43F1CBAA1210027B1A0 /* MyAlert.m in Sources */,
				84DBF45A1CAB16A6001D1EAC /* CommentBox.m in Sources */,
				84B8F7651CAD6795003A0477 /* CDIssueHistoryAction.m in Sources */,
				8438D2D91CD156D2002DBE3C /* EditProfileViewController.m in Sources */,
				84DBF4A21CAB186C001D1EAC /* AvatarView.m in Sources */,
				84DBF47F1CAB16D8001D1EAC /* NetworkDataSorce.m in Sources */,
				84DBF4591CAB16A6001D1EAC /* ChangerBox.m in Sources */,
				84DBF47C1CAB16D8001D1EAC /* IssueCategory.m in Sources */,
				84DBF4B21CAB18AE001D1EAC /* UIViewController+backViewController.m in Sources */,
				84DBF4211CAB0A5F001D1EAC /* AppDelegate.m in Sources */,
				84DBF4AF1CAB18AE001D1EAC /* NSString+stringIsEmpry.m in Sources */,
				84DBF44C1CAB1674001D1EAC /* IssueHistoryViewController.m in Sources */,
				84DBF44D1CAB1674001D1EAC /* LogInViewController.m in Sources */,
				84725A7E1CB042A90000866D /* CDIssueHistoryAction+CoreDataProperties.m in Sources */,
				84DBF4831CAB16D8001D1EAC /* User.m in Sources */,
				84DBF44E1CAB1674001D1EAC /* MapViewController.m in Sources */,
				84DBF4771CAB16D8001D1EAC /* Comment.m in Sources */,
				84DBF4AE1CAB18AE001D1EAC /* NSMutableArray+isEmpty.m in Sources */,
				84DBF44F1CAB1674001D1EAC /* ProfileViewController.m in Sources */,
				84DBF4791CAB16D8001D1EAC /* HTTPConnector.m in Sources */,
				84DBF41E1CAB0A5F001D1EAC /* main.m in Sources */,
				84E358D21CAC14D800521AA4 /* CurrentItems.m in Sources */,
				84E358D31CAC14D800521AA4 /* IssueCategories.m in Sources */,
				84DBF4931CAB171A001D1EAC /* CDUser.m in Sources */,
				84DBF4961CAB171A001D1EAC /* Model.xcdatamodeld in Sources */,
				84E2B4421CBAB23F0027B1A0 /* NewItemViewController.m in Sources */,
				84DBF4821CAB16D8001D1EAC /* TextFieldValidation.m in Sources */,
				84E15C351CBEEF8E0018BD9F /* TakePhotoViewController.m in Sources */,
				84DBF47A1CAB16D8001D1EAC /* Issue.m in Sources */,
				84DBF47D1CAB16D8001D1EAC /* IssueChangeStatus.m in Sources */,
				84DBF4B11CAB18AE001D1EAC /* UIView+Addition.m in Sources */,
				84DBF4951CAB171A001D1EAC /* CoreDataSorce.m in Sources */,
				84DBF4911CAB171A001D1EAC /* CDIssue.m in Sources */,
				8438D2DC1CD4C46D002DBE3C /* ActiveRequest.m in Sources */,
				84DBF49B1CAB17A5001D1EAC /* CustomTableCell.m in Sources */,
				84DBF4501CAB1674001D1EAC /* SingUpViewController.m in Sources */,
				84DBF44B1CAB1674001D1EAC /* DescriptionViewController.m in Sources */,
				84522C851CC449B400B84D01 /* NewItemViewControllerPhotoInfoDelegate.m in Sources */,
				84DBF4B01CAB18AE001D1EAC /* UIScrollView+getContentSize.m in Sources */,
				84DBF4801CAB16D8001D1EAC /* Parser.m in Sources */,
				8438D2DF1CD563BE002DBE3C /* ProfileImageBox.m in Sources */,
				84DBF47E1CAB16D8001D1EAC /* IssueHistoryAction.m in Sources */,
				84725A801CB042A90000866D /* CDUser+CoreDataProperties.m in Sources */,
			);
			runOnlyForDeploymentPostprocessing = 0;
		};
/* End PBXSourcesBuildPhase section */

/* Begin PBXVariantGroup section */
		84DBF4251CAB0A5F001D1EAC /* Main.storyboard */ = {
			isa = PBXVariantGroup;
			children = (
				84DBF4261CAB0A5F001D1EAC /* Base */,
			);
			name = Main.storyboard;
			sourceTree = "<group>";
		};
		84DBF42A1CAB0A5F001D1EAC /* LaunchScreen.storyboard */ = {
			isa = PBXVariantGroup;
			children = (
				84DBF42B1CAB0A5F001D1EAC /* Base */,
			);
			name = LaunchScreen.storyboard;
			sourceTree = "<group>";
		};
/* End PBXVariantGroup section */

/* Begin XCBuildConfiguration section */
		84DBF42E1CAB0A5F001D1EAC /* Debug */ = {
			isa = XCBuildConfiguration;
			buildSettings = {
				ALWAYS_SEARCH_USER_PATHS = NO;
				CLANG_CXX_LANGUAGE_STANDARD = "gnu++0x";
				CLANG_CXX_LIBRARY = "libc++";
				CLANG_ENABLE_MODULES = YES;
				CLANG_ENABLE_OBJC_ARC = YES;
				CLANG_WARN_BOOL_CONVERSION = YES;
				CLANG_WARN_CONSTANT_CONVERSION = YES;
				CLANG_WARN_DIRECT_OBJC_ISA_USAGE = YES_ERROR;
				CLANG_WARN_EMPTY_BODY = YES;
				CLANG_WARN_ENUM_CONVERSION = YES;
				CLANG_WARN_INT_CONVERSION = YES;
				CLANG_WARN_OBJC_ROOT_CLASS = YES_ERROR;
				CLANG_WARN_UNREACHABLE_CODE = YES;
				CLANG_WARN__DUPLICATE_METHOD_MATCH = YES;
				"CODE_SIGN_IDENTITY[sdk=iphoneos*]" = "iPhone Developer";
				COPY_PHASE_STRIP = NO;
				DEBUG_INFORMATION_FORMAT = dwarf;
				ENABLE_STRICT_OBJC_MSGSEND = YES;
				ENABLE_TESTABILITY = YES;
				GCC_C_LANGUAGE_STANDARD = gnu99;
				GCC_DYNAMIC_NO_PIC = NO;
				GCC_NO_COMMON_BLOCKS = YES;
				GCC_OPTIMIZATION_LEVEL = 0;
				GCC_PREPROCESSOR_DEFINITIONS = (
					"DEBUG=1",
					"$(inherited)",
				);
				GCC_WARN_64_TO_32_BIT_CONVERSION = YES;
				GCC_WARN_ABOUT_RETURN_TYPE = YES_ERROR;
				GCC_WARN_UNDECLARED_SELECTOR = YES;
				GCC_WARN_UNINITIALIZED_AUTOS = YES_AGGRESSIVE;
				GCC_WARN_UNUSED_FUNCTION = YES;
				GCC_WARN_UNUSED_VARIABLE = YES;
				IPHONEOS_DEPLOYMENT_TARGET = 9.2;
				MTL_ENABLE_DEBUG_INFO = YES;
				ONLY_ACTIVE_ARCH = YES;
				SDKROOT = iphoneos;
			};
			name = Debug;
		};
		84DBF42F1CAB0A5F001D1EAC /* Release */ = {
			isa = XCBuildConfiguration;
			buildSettings = {
				ALWAYS_SEARCH_USER_PATHS = NO;
				CLANG_CXX_LANGUAGE_STANDARD = "gnu++0x";
				CLANG_CXX_LIBRARY = "libc++";
				CLANG_ENABLE_MODULES = YES;
				CLANG_ENABLE_OBJC_ARC = YES;
				CLANG_WARN_BOOL_CONVERSION = YES;
				CLANG_WARN_CONSTANT_CONVERSION = YES;
				CLANG_WARN_DIRECT_OBJC_ISA_USAGE = YES_ERROR;
				CLANG_WARN_EMPTY_BODY = YES;
				CLANG_WARN_ENUM_CONVERSION = YES;
				CLANG_WARN_INT_CONVERSION = YES;
				CLANG_WARN_OBJC_ROOT_CLASS = YES_ERROR;
				CLANG_WARN_UNREACHABLE_CODE = YES;
				CLANG_WARN__DUPLICATE_METHOD_MATCH = YES;
				"CODE_SIGN_IDENTITY[sdk=iphoneos*]" = "iPhone Developer";
				COPY_PHASE_STRIP = NO;
				DEBUG_INFORMATION_FORMAT = "dwarf-with-dsym";
				ENABLE_NS_ASSERTIONS = NO;
				ENABLE_STRICT_OBJC_MSGSEND = YES;
				GCC_C_LANGUAGE_STANDARD = gnu99;
				GCC_NO_COMMON_BLOCKS = YES;
				GCC_WARN_64_TO_32_BIT_CONVERSION = YES;
				GCC_WARN_ABOUT_RETURN_TYPE = YES_ERROR;
				GCC_WARN_UNDECLARED_SELECTOR = YES;
				GCC_WARN_UNINITIALIZED_AUTOS = YES_AGGRESSIVE;
				GCC_WARN_UNUSED_FUNCTION = YES;
				GCC_WARN_UNUSED_VARIABLE = YES;
				IPHONEOS_DEPLOYMENT_TARGET = 9.2;
				MTL_ENABLE_DEBUG_INFO = NO;
				SDKROOT = iphoneos;
				VALIDATE_PRODUCT = YES;
			};
			name = Release;
		};
		84DBF4311CAB0A5F001D1EAC /* Debug */ = {
			isa = XCBuildConfiguration;
			buildSettings = {
				ASSETCATALOG_COMPILER_APPICON_NAME = AppIcon;
				INFOPLIST_FILE = bawl2/Info.plist;
				LD_RUNPATH_SEARCH_PATHS = "$(inherited) @executable_path/Frameworks";
				PRODUCT_BUNDLE_IDENTIFIER = fbi.bawl2;
				PRODUCT_NAME = "$(TARGET_NAME)";
			};
			name = Debug;
		};
		84DBF4321CAB0A5F001D1EAC /* Release */ = {
			isa = XCBuildConfiguration;
			buildSettings = {
				ASSETCATALOG_COMPILER_APPICON_NAME = AppIcon;
				INFOPLIST_FILE = bawl2/Info.plist;
				LD_RUNPATH_SEARCH_PATHS = "$(inherited) @executable_path/Frameworks";
				PRODUCT_BUNDLE_IDENTIFIER = fbi.bawl2;
				PRODUCT_NAME = "$(TARGET_NAME)";
			};
			name = Release;
		};
/* End XCBuildConfiguration section */

/* Begin XCConfigurationList section */
		84DBF4141CAB0A5F001D1EAC /* Build configuration list for PBXProject "bawl2" */ = {
			isa = XCConfigurationList;
			buildConfigurations = (
				84DBF42E1CAB0A5F001D1EAC /* Debug */,
				84DBF42F1CAB0A5F001D1EAC /* Release */,
			);
			defaultConfigurationIsVisible = 0;
			defaultConfigurationName = Release;
		};
		84DBF4301CAB0A5F001D1EAC /* Build configuration list for PBXNativeTarget "bawl2" */ = {
			isa = XCConfigurationList;
			buildConfigurations = (
				84DBF4311CAB0A5F001D1EAC /* Debug */,
				84DBF4321CAB0A5F001D1EAC /* Release */,
			);
			defaultConfigurationIsVisible = 0;
			defaultConfigurationName = Release;
		};
/* End XCConfigurationList section */

/* Begin XCVersionGroup section */
		84DBF48F1CAB171A001D1EAC /* Model.xcdatamodeld */ = {
			isa = XCVersionGroup;
			children = (
				84DBF4901CAB171A001D1EAC /* Model.xcdatamodel */,
			);
			currentVersion = 84DBF4901CAB171A001D1EAC /* Model.xcdatamodel */;
			name = Model.xcdatamodeld;
			path = model/coreData/Model.xcdatamodeld;
			sourceTree = "<group>";
			versionGroupType = wrapper.xcdatamodel;
		};
/* End XCVersionGroup section */
	};
	rootObject = 84DBF4111CAB0A5F001D1EAC /* Project object */;
}
