// !$*UTF8*$!
{
	archiveVersion = 1;
	classes = {
	};
	objectVersion = 46;
	objects = {

/* Begin PBXBuildFile section */
		84DBF41E1CAB0A5F001D1EAC /* main.m in Sources */ = {isa = PBXBuildFile; fileRef = 84DBF41D1CAB0A5F001D1EAC /* main.m */; };
		84DBF4211CAB0A5F001D1EAC /* AppDelegate.m in Sources */ = {isa = PBXBuildFile; fileRef = 84DBF4201CAB0A5F001D1EAC /* AppDelegate.m */; };
		84DBF4271CAB0A5F001D1EAC /* Main.storyboard in Resources */ = {isa = PBXBuildFile; fileRef = 84DBF4251CAB0A5F001D1EAC /* Main.storyboard */; };
		84DBF4291CAB0A5F001D1EAC /* Assets.xcassets in Resources */ = {isa = PBXBuildFile; fileRef = 84DBF4281CAB0A5F001D1EAC /* Assets.xcassets */; };
		84DBF42C1CAB0A5F001D1EAC /* LaunchScreen.storyboard in Resources */ = {isa = PBXBuildFile; fileRef = 84DBF42A1CAB0A5F001D1EAC /* LaunchScreen.storyboard */; };
		84DBF4381CAB0BBD001D1EAC /* model in Resources */ = {isa = PBXBuildFile; fileRef = 84DBF4371CAB0BBD001D1EAC /* model */; };
		84DBF43A1CAB0CF2001D1EAC /* UI custom obj in Resources */ = {isa = PBXBuildFile; fileRef = 84DBF4391CAB0CF2001D1EAC /* UI custom obj */; };
		84DBF43D1CAB0D83001D1EAC /* VC in Resources */ = {isa = PBXBuildFile; fileRef = 84DBF43C1CAB0D83001D1EAC /* VC */; };
/* End PBXBuildFile section */

/* Begin PBXFileReference section */
		84DBF4191CAB0A5F001D1EAC /* bawl2.app */ = {isa = PBXFileReference; explicitFileType = wrapper.application; includeInIndex = 0; path = bawl2.app; sourceTree = BUILT_PRODUCTS_DIR; };
		84DBF41D1CAB0A5F001D1EAC /* main.m */ = {isa = PBXFileReference; lastKnownFileType = sourcecode.c.objc; path = main.m; sourceTree = "<group>"; };
		84DBF41F1CAB0A5F001D1EAC /* AppDelegate.h */ = {isa = PBXFileReference; lastKnownFileType = sourcecode.c.h; path = AppDelegate.h; sourceTree = "<group>"; };
		84DBF4201CAB0A5F001D1EAC /* AppDelegate.m */ = {isa = PBXFileReference; lastKnownFileType = sourcecode.c.objc; path = AppDelegate.m; sourceTree = "<group>"; };
		84DBF4261CAB0A5F001D1EAC /* Base */ = {isa = PBXFileReference; lastKnownFileType = file.storyboard; name = Base; path = Base.lproj/Main.storyboard; sourceTree = "<group>"; };
		84DBF4281CAB0A5F001D1EAC /* Assets.xcassets */ = {isa = PBXFileReference; lastKnownFileType = folder.assetcatalog; path = Assets.xcassets; sourceTree = "<group>"; };
		84DBF42B1CAB0A5F001D1EAC /* Base */ = {isa = PBXFileReference; lastKnownFileType = file.storyboard; name = Base; path = Base.lproj/LaunchScreen.storyboard; sourceTree = "<group>"; };
		84DBF42D1CAB0A5F001D1EAC /* Info.plist */ = {isa = PBXFileReference; lastKnownFileType = text.plist.xml; path = Info.plist; sourceTree = "<group>"; };
		84DBF4371CAB0BBD001D1EAC /* model */ = {isa = PBXFileReference; lastKnownFileType = folder; path = model; sourceTree = "<group>"; };
		84DBF4391CAB0CF2001D1EAC /* UI custom obj */ = {isa = PBXFileReference; lastKnownFileType = folder; path = "UI custom obj"; sourceTree = "<group>"; };
		84DBF43C1CAB0D83001D1EAC /* VC */ = {isa = PBXFileReference; lastKnownFileType = folder; path = VC; sourceTree = "<group>"; };
/* End PBXFileReference section */

/* Begin PBXFrameworksBuildPhase section */
		84DBF4161CAB0A5F001D1EAC /* Frameworks */ = {
			isa = PBXFrameworksBuildPhase;
			buildActionMask = 2147483647;
			files = (
			);
			runOnlyForDeploymentPostprocessing = 0;
		};
/* End PBXFrameworksBuildPhase section */

/* Begin PBXGroup section */
		84DBF4101CAB0A5F001D1EAC = {
			isa = PBXGroup;
			children = (
				84DBF41B1CAB0A5F001D1EAC /* bawl2 */,
				84DBF41A1CAB0A5F001D1EAC /* Products */,
			);
			sourceTree = "<group>";
		};
		84DBF41A1CAB0A5F001D1EAC /* Products */ = {
			isa = PBXGroup;
			children = (
				84DBF4191CAB0A5F001D1EAC /* bawl2.app */,
			);
			name = Products;
			sourceTree = "<group>";
		};
		84DBF41B1CAB0A5F001D1EAC /* bawl2 */ = {
			isa = PBXGroup;
			children = (
				84DBF43C1CAB0D83001D1EAC /* VC */,
				84DBF4391CAB0CF2001D1EAC /* UI custom obj */,
				84DBF4371CAB0BBD001D1EAC /* model */,
				84DBF4251CAB0A5F001D1EAC /* Main.storyboard */,
				84DBF4281CAB0A5F001D1EAC /* Assets.xcassets */,
				84DBF42A1CAB0A5F001D1EAC /* LaunchScreen.storyboard */,
				84DBF42D1CAB0A5F001D1EAC /* Info.plist */,
				84DBF41C1CAB0A5F001D1EAC /* Supporting Files */,
			);
			path = bawl2;
			sourceTree = "<group>";
		};
		84DBF41C1CAB0A5F001D1EAC /* Supporting Files */ = {
			isa = PBXGroup;
			children = (
				84DBF41D1CAB0A5F001D1EAC /* main.m */,
				84DBF41F1CAB0A5F001D1EAC /* AppDelegate.h */,
				84DBF4201CAB0A5F001D1EAC /* AppDelegate.m */,
			);
			name = "Supporting Files";
			sourceTree = "<group>";
		};
/* End PBXGroup section */

/* Begin PBXNativeTarget section */
		84DBF4181CAB0A5F001D1EAC /* bawl2 */ = {
			isa = PBXNativeTarget;
			buildConfigurationList = 84DBF4301CAB0A5F001D1EAC /* Build configuration list for PBXNativeTarget "bawl2" */;
			buildPhases = (
				84DBF4151CAB0A5F001D1EAC /* Sources */,
				84DBF4161CAB0A5F001D1EAC /* Frameworks */,
				84DBF4171CAB0A5F001D1EAC /* Resources */,
			);
			buildRules = (
			);
			dependencies = (
			);
			name = bawl2;
			productName = bawl2;
			productReference = 84DBF4191CAB0A5F001D1EAC /* bawl2.app */;
			productType = "com.apple.product-type.application";
		};
/* End PBXNativeTarget section */

/* Begin PBXProject section */
		84DBF4111CAB0A5F001D1EAC /* Project object */ = {
			isa = PBXProject;
			attributes = {
				LastUpgradeCheck = 0720;
				ORGANIZATIONNAME = Admin;
				TargetAttributes = {
					84DBF4181CAB0A5F001D1EAC = {
						CreatedOnToolsVersion = 7.2;
					};
				};
			};
			buildConfigurationList = 84DBF4141CAB0A5F001D1EAC /* Build configuration list for PBXProject "bawl2" */;
			compatibilityVersion = "Xcode 3.2";
			developmentRegion = English;
			hasScannedForEncodings = 0;
			knownRegions = (
				en,
				Base,
			);
			mainGroup = 84DBF4101CAB0A5F001D1EAC;
			productRefGroup = 84DBF41A1CAB0A5F001D1EAC /* Products */;
			projectDirPath = "";
			projectRoot = "";
			targets = (
				84DBF4181CAB0A5F001D1EAC /* bawl2 */,
			);
		};
/* End PBXProject section */

/* Begin PBXResourcesBuildPhase section */
		84DBF4171CAB0A5F001D1EAC /* Resources */ = {
			isa = PBXResourcesBuildPhase;
			buildActionMask = 2147483647;
			files = (
				84DBF42C1CAB0A5F001D1EAC /* LaunchScreen.storyboard in Resources */,
				84DBF43A1CAB0CF2001D1EAC /* UI custom obj in Resources */,
				84DBF4291CAB0A5F001D1EAC /* Assets.xcassets in Resources */,
				84DBF4381CAB0BBD001D1EAC /* model in Resources */,
				84DBF4271CAB0A5F001D1EAC /* Main.storyboard in Resources */,
				84DBF43D1CAB0D83001D1EAC /* VC in Resources */,
			);
			runOnlyForDeploymentPostprocessing = 0;
		};
/* End PBXResourcesBuildPhase section */

/* Begin PBXSourcesBuildPhase section */
		84DBF4151CAB0A5F001D1EAC /* Sources */ = {
			isa = PBXSourcesBuildPhase;
			buildActionMask = 2147483647;
			files = (
				84DBF4211CAB0A5F001D1EAC /* AppDelegate.m in Sources */,
				84DBF41E1CAB0A5F001D1EAC /* main.m in Sources */,
			);
			runOnlyForDeploymentPostprocessing = 0;
		};
/* End PBXSourcesBuildPhase section */

/* Begin PBXVariantGroup section */
		84DBF4251CAB0A5F001D1EAC /* Main.storyboard */ = {
			isa = PBXVariantGroup;
			children = (
				84DBF4261CAB0A5F001D1EAC /* Base */,
			);
			name = Main.storyboard;
			sourceTree = "<group>";
		};
		84DBF42A1CAB0A5F001D1EAC /* LaunchScreen.storyboard */ = {
			isa = PBXVariantGroup;
			children = (
				84DBF42B1CAB0A5F001D1EAC /* Base */,
			);
			name = LaunchScreen.storyboard;
			sourceTree = "<group>";
		};
/* End PBXVariantGroup section */

/* Begin XCBuildConfiguration section */
		84DBF42E1CAB0A5F001D1EAC /* Debug */ = {
			isa = XCBuildConfiguration;
			buildSettings = {
				ALWAYS_SEARCH_USER_PATHS = NO;
				CLANG_CXX_LANGUAGE_STANDARD = "gnu++0x";
				CLANG_CXX_LIBRARY = "libc++";
				CLANG_ENABLE_MODULES = YES;
				CLANG_ENABLE_OBJC_ARC = YES;
				CLANG_WARN_BOOL_CONVERSION = YES;
				CLANG_WARN_CONSTANT_CONVERSION = YES;
				CLANG_WARN_DIRECT_OBJC_ISA_USAGE = YES_ERROR;
				CLANG_WARN_EMPTY_BODY = YES;
				CLANG_WARN_ENUM_CONVERSION = YES;
				CLANG_WARN_INT_CONVERSION = YES;
				CLANG_WARN_OBJC_ROOT_CLASS = YES_ERROR;
				CLANG_WARN_UNREACHABLE_CODE = YES;
				CLANG_WARN__DUPLICATE_METHOD_MATCH = YES;
				"CODE_SIGN_IDENTITY[sdk=iphoneos*]" = "iPhone Developer";
				COPY_PHASE_STRIP = NO;
				DEBUG_INFORMATION_FORMAT = dwarf;
				ENABLE_STRICT_OBJC_MSGSEND = YES;
				ENABLE_TESTABILITY = YES;
				GCC_C_LANGUAGE_STANDARD = gnu99;
				GCC_DYNAMIC_NO_PIC = NO;
				GCC_NO_COMMON_BLOCKS = YES;
				GCC_OPTIMIZATION_LEVEL = 0;
				GCC_PREPROCESSOR_DEFINITIONS = (
					"DEBUG=1",
					"$(inherited)",
				);
				GCC_WARN_64_TO_32_BIT_CONVERSION = YES;
				GCC_WARN_ABOUT_RETURN_TYPE = YES_ERROR;
				GCC_WARN_UNDECLARED_SELECTOR = YES;
				GCC_WARN_UNINITIALIZED_AUTOS = YES_AGGRESSIVE;
				GCC_WARN_UNUSED_FUNCTION = YES;
				GCC_WARN_UNUSED_VARIABLE = YES;
				IPHONEOS_DEPLOYMENT_TARGET = 9.2;
				MTL_ENABLE_DEBUG_INFO = YES;
				ONLY_ACTIVE_ARCH = YES;
				SDKROOT = iphoneos;
			};
			name = Debug;
		};
		84DBF42F1CAB0A5F001D1EAC /* Release */ = {
			isa = XCBuildConfiguration;
			buildSettings = {
				ALWAYS_SEARCH_USER_PATHS = NO;
				CLANG_CXX_LANGUAGE_STANDARD = "gnu++0x";
				CLANG_CXX_LIBRARY = "libc++";
				CLANG_ENABLE_MODULES = YES;
				CLANG_ENABLE_OBJC_ARC = YES;
				CLANG_WARN_BOOL_CONVERSION = YES;
				CLANG_WARN_CONSTANT_CONVERSION = YES;
				CLANG_WARN_DIRECT_OBJC_ISA_USAGE = YES_ERROR;
				CLANG_WARN_EMPTY_BODY = YES;
				CLANG_WARN_ENUM_CONVERSION = YES;
				CLANG_WARN_INT_CONVERSION = YES;
				CLANG_WARN_OBJC_ROOT_CLASS = YES_ERROR;
				CLANG_WARN_UNREACHABLE_CODE = YES;
				CLANG_WARN__DUPLICATE_METHOD_MATCH = YES;
				"CODE_SIGN_IDENTITY[sdk=iphoneos*]" = "iPhone Developer";
				COPY_PHASE_STRIP = NO;
				DEBUG_INFORMATION_FORMAT = "dwarf-with-dsym";
				ENABLE_NS_ASSERTIONS = NO;
				ENABLE_STRICT_OBJC_MSGSEND = YES;
				GCC_C_LANGUAGE_STANDARD = gnu99;
				GCC_NO_COMMON_BLOCKS = YES;
				GCC_WARN_64_TO_32_BIT_CONVERSION = YES;
				GCC_WARN_ABOUT_RETURN_TYPE = YES_ERROR;
				GCC_WARN_UNDECLARED_SELECTOR = YES;
				GCC_WARN_UNINITIALIZED_AUTOS = YES_AGGRESSIVE;
				GCC_WARN_UNUSED_FUNCTION = YES;
				GCC_WARN_UNUSED_VARIABLE = YES;
				IPHONEOS_DEPLOYMENT_TARGET = 9.2;
				MTL_ENABLE_DEBUG_INFO = NO;
				SDKROOT = iphoneos;
				VALIDATE_PRODUCT = YES;
			};
			name = Release;
		};
		84DBF4311CAB0A5F001D1EAC /* Debug */ = {
			isa = XCBuildConfiguration;
			buildSettings = {
				ASSETCATALOG_COMPILER_APPICON_NAME = AppIcon;
				INFOPLIST_FILE = bawl2/Info.plist;
				LD_RUNPATH_SEARCH_PATHS = "$(inherited) @executable_path/Frameworks";
				PRODUCT_BUNDLE_IDENTIFIER = fbi.bawl2;
				PRODUCT_NAME = "$(TARGET_NAME)";
			};
			name = Debug;
		};
		84DBF4321CAB0A5F001D1EAC /* Release */ = {
			isa = XCBuildConfiguration;
			buildSettings = {
				ASSETCATALOG_COMPILER_APPICON_NAME = AppIcon;
				INFOPLIST_FILE = bawl2/Info.plist;
				LD_RUNPATH_SEARCH_PATHS = "$(inherited) @executable_path/Frameworks";
				PRODUCT_BUNDLE_IDENTIFIER = fbi.bawl2;
				PRODUCT_NAME = "$(TARGET_NAME)";
			};
			name = Release;
		};
/* End XCBuildConfiguration section */

/* Begin XCConfigurationList section */
		84DBF4141CAB0A5F001D1EAC /* Build configuration list for PBXProject "bawl2" */ = {
			isa = XCConfigurationList;
			buildConfigurations = (
				84DBF42E1CAB0A5F001D1EAC /* Debug */,
				84DBF42F1CAB0A5F001D1EAC /* Release */,
			);
			defaultConfigurationIsVisible = 0;
			defaultConfigurationName = Release;
		};
		84DBF4301CAB0A5F001D1EAC /* Build configuration list for PBXNativeTarget "bawl2" */ = {
			isa = XCConfigurationList;
			buildConfigurations = (
				84DBF4311CAB0A5F001D1EAC /* Debug */,
				84DBF4321CAB0A5F001D1EAC /* Release */,
			);
			defaultConfigurationIsVisible = 0;
		};
/* End XCConfigurationList section */
	};
	rootObject = 84DBF4111CAB0A5F001D1EAC /* Project object */;
}
